
Microsoft Visual Studio Solution File, Format Version 12.00
# Visual Studio Version 17
VisualStudioVersion = 17.3.32929.385
MinimumVisualStudioVersion = 10.0.40219.1
Project("{FAE04EC0-301F-11D3-BF4B-00C04F79EFBC}") = "PortableSoft-Manager", "PortableSoft-Manager\PortableSoft-Manager.csproj", "{9F08094D-FAA9-4A30-9285-F3343DFD9C08}"
EndProject
Project("{FAE04EC0-301F-11D3-BF4B-00C04F79EFBC}") = "AutocompleteMenu", "AutocompleteMenu\AutocompleteMenu.csproj", "{957F5B64-3ADF-4E7D-9A31-B041663E3803}"
EndProject
Global
	GlobalSection(SolutionConfigurationPlatforms) = preSolution
		Debug|Any CPU = Debug|Any CPU
		Release|Any CPU = Release|Any CPU
	EndGlobalSection
	GlobalSection(ProjectConfigurationPlatforms) = postSolution
		{9F08094D-FAA9-4A30-9285-F3343DFD9C08}.Debug|Any CPU.ActiveCfg = Debug|Any CPU
		{9F08094D-FAA9-4A30-9285-F3343DFD9C08}.Debug|Any CPU.Build.0 = Debug|Any CPU
		{9F08094D-FAA9-4A30-9285-F3343DFD9C08}.Release|Any CPU.ActiveCfg = Release|Any CPU
		{9F08094D-FAA9-4A30-9285-F3343DFD9C08}.Release|Any CPU.Build.0 = Release|Any CPU
		{957F5B64-3ADF-4E7D-9A31-B041663E3803}.Debug|Any CPU.ActiveCfg = Debug|Any CPU
		{957F5B64-3ADF-4E7D-9A31-B041663E3803}.Debug|Any CPU.Build.0 = Debug|Any CPU
		{957F5B64-3ADF-4E7D-9A31-B041663E3803}.Release|Any CPU.ActiveCfg = Release|Any CPU
		{957F5B64-3ADF-4E7D-9A31-B041663E3803}.Release|Any CPU.Build.0 = Release|Any CPU
	EndGlobalSection
	GlobalSection(SolutionProperties) = preSolution
		HideSolutionNode = FALSE
	EndGlobalSection
	GlobalSection(ExtensibilityGlobals) = postSolution
		SolutionGuid = {646651C2-DAE6-41A4-878E-5A6C4CBFB4FE}
	EndGlobalSection
EndGlobal
